
Microsoft Visual Studio Solution File, Format Version 12.00
# Visual Studio 15
VisualStudioVersion = 15.0.27428.2043
MinimumVisualStudioVersion = 10.0.40219.1
Project("{9A19103F-16F7-4668-BE54-9A1E7A4F7556}") = "NetCore.DetectConfigChangeSimple", "NetCore.DetectConfigChangeSimple\NetCore.DetectConfigChangeSimple.csproj", "{D7BAEF99-32EE-457D-B31A-BB3BACC26656}"
EndProject
Project("{9A19103F-16F7-4668-BE54-9A1E7A4F7556}") = "NetCoreDetectConfigChangesWithMonitor", "NetCoreDetectConfigChangesWithMonitor\NetCoreDetectConfigChangesWithMonitor.csproj", "{2EE9CD64-C0F9-4387-99CB-8EC27D57F52E}"
EndProject
Global
	GlobalSection(SolutionConfigurationPlatforms) = preSolution
		Debug|Any CPU = Debug|Any CPU
		Release|Any CPU = Release|Any CPU
	EndGlobalSection
	GlobalSection(ProjectConfigurationPlatforms) = postSolution
		{D7BAEF99-32EE-457D-B31A-BB3BACC26656}.Debug|Any CPU.ActiveCfg = Debug|Any CPU
		{D7BAEF99-32EE-457D-B31A-BB3BACC26656}.Debug|Any CPU.Build.0 = Debug|Any CPU
		{D7BAEF99-32EE-457D-B31A-BB3BACC26656}.Release|Any CPU.ActiveCfg = Release|Any CPU
		{D7BAEF99-32EE-457D-B31A-BB3BACC26656}.Release|Any CPU.Build.0 = Release|Any CPU
		{2EE9CD64-C0F9-4387-99CB-8EC27D57F52E}.Debug|Any CPU.ActiveCfg = Debug|Any CPU
		{2EE9CD64-C0F9-4387-99CB-8EC27D57F52E}.Debug|Any CPU.Build.0 = Debug|Any CPU
		{2EE9CD64-C0F9-4387-99CB-8EC27D57F52E}.Release|Any CPU.ActiveCfg = Release|Any CPU
		{2EE9CD64-C0F9-4387-99CB-8EC27D57F52E}.Release|Any CPU.Build.0 = Release|Any CPU
	EndGlobalSection
	GlobalSection(SolutionProperties) = preSolution
		HideSolutionNode = FALSE
	EndGlobalSection
	GlobalSection(ExtensibilityGlobals) = postSolution
		SolutionGuid = {49C1AFC1-FFD0-4B4C-8C3A-0EBCB729D823}
	EndGlobalSection
EndGlobal
