
Microsoft Visual Studio Solution File, Format Version 12.00
# Visual Studio 15
VisualStudioVersion = 15.0.27428.2043
MinimumVisualStudioVersion = 10.0.40219.1
Project("{9A19103F-16F7-4668-BE54-9A1E7A4F7556}") = "NetCore.DetectConfigChange", "NetCore.DetectConfigChange\NetCore.DetectConfigChange.csproj", "{DB8FD948-3CA8-41D6-BFEF-0873C3261BE7}"
EndProject
Global
	GlobalSection(SolutionConfigurationPlatforms) = preSolution
		Debug|Any CPU = Debug|Any CPU
		Release|Any CPU = Release|Any CPU
	EndGlobalSection
	GlobalSection(ProjectConfigurationPlatforms) = postSolution
		{DB8FD948-3CA8-41D6-BFEF-0873C3261BE7}.Debug|Any CPU.ActiveCfg = Debug|Any CPU
		{DB8FD948-3CA8-41D6-BFEF-0873C3261BE7}.Debug|Any CPU.Build.0 = Debug|Any CPU
		{DB8FD948-3CA8-41D6-BFEF-0873C3261BE7}.Release|Any CPU.ActiveCfg = Release|Any CPU
		{DB8FD948-3CA8-41D6-BFEF-0873C3261BE7}.Release|Any CPU.Build.0 = Release|Any CPU
	EndGlobalSection
	GlobalSection(SolutionProperties) = preSolution
		HideSolutionNode = FALSE
	EndGlobalSection
	GlobalSection(ExtensibilityGlobals) = postSolution
		SolutionGuid = {49C1AFC1-FFD0-4B4C-8C3A-0EBCB729D823}
	EndGlobalSection
EndGlobal
