
Microsoft Visual Studio Solution File, Format Version 12.00
# Visual Studio 15
VisualStudioVersion = 15.0.27428.2043
MinimumVisualStudioVersion = 10.0.40219.1
Project("{FAE04EC0-301F-11D3-BF4B-00C04F79EFBC}") = "NetFramework.DetectConfigChange", "NetFramework.DetectConfigChange\NetFramework.DetectConfigChange.csproj", "{B2E09096-7CA2-493D-A22B-0311ED49221B}"
EndProject
Global
	GlobalSection(SolutionConfigurationPlatforms) = preSolution
		Debug|Any CPU = Debug|Any CPU
		Release|Any CPU = Release|Any CPU
	EndGlobalSection
	GlobalSection(ProjectConfigurationPlatforms) = postSolution
		{B2E09096-7CA2-493D-A22B-0311ED49221B}.Debug|Any CPU.ActiveCfg = Debug|Any CPU
		{B2E09096-7CA2-493D-A22B-0311ED49221B}.Debug|Any CPU.Build.0 = Debug|Any CPU
		{B2E09096-7CA2-493D-A22B-0311ED49221B}.Release|Any CPU.ActiveCfg = Release|Any CPU
		{B2E09096-7CA2-493D-A22B-0311ED49221B}.Release|Any CPU.Build.0 = Release|Any CPU
	EndGlobalSection
	GlobalSection(SolutionProperties) = preSolution
		HideSolutionNode = FALSE
	EndGlobalSection
	GlobalSection(ExtensibilityGlobals) = postSolution
		SolutionGuid = {168E7E95-A0BE-4A9C-977D-A9D45D3CE04D}
	EndGlobalSection
EndGlobal
